// !$*UTF8*$!
{
	archiveVersion = 1;
	classes = {
	};
	objectVersion = 46;
	objects = {

/* Begin PBXBuildFile section */
		3F39AB0A545AF66D4D259DD2 /* Pods_Commanding_A_Room.framework in Frameworks */ = {isa = PBXBuildFile; fileRef = 632FBE49E9133B5307C5AD70 /* Pods_Commanding_A_Room.framework */; };
		7C022EA91E35B160003F507C /* AppDelegate.swift in Sources */ = {isa = PBXBuildFile; fileRef = 7C022EA81E35B160003F507C /* AppDelegate.swift */; };
		7C022EAB1E35B160003F507C /* LandingVC.swift in Sources */ = {isa = PBXBuildFile; fileRef = 7C022EAA1E35B160003F507C /* LandingVC.swift */; };
		7C022EAE1E35B160003F507C /* Main.storyboard in Resources */ = {isa = PBXBuildFile; fileRef = 7C022EAC1E35B160003F507C /* Main.storyboard */; };
		7C022EB01E35B160003F507C /* Assets.xcassets in Resources */ = {isa = PBXBuildFile; fileRef = 7C022EAF1E35B160003F507C /* Assets.xcassets */; };
		7C022EB31E35B160003F507C /* LaunchScreen.storyboard in Resources */ = {isa = PBXBuildFile; fileRef = 7C022EB11E35B160003F507C /* LaunchScreen.storyboard */; };
		7C16C0681E3EB5DE00558908 /* RegistrationVC.swift in Sources */ = {isa = PBXBuildFile; fileRef = 7C16C0671E3EB5DE00558908 /* RegistrationVC.swift */; };
		7C16C06A1E3EB62E00558908 /* HomeVC.swift in Sources */ = {isa = PBXBuildFile; fileRef = 7C16C0691E3EB62E00558908 /* HomeVC.swift */; };
		7C7D25CA1E58C49C00D7EAF2 /* LessonsVC.swift in Sources */ = {isa = PBXBuildFile; fileRef = 7C7D25C91E58C49C00D7EAF2 /* LessonsVC.swift */; };
		7C7D25CE1E58C7EC00D7EAF2 /* MyFeedbackVC.swift in Sources */ = {isa = PBXBuildFile; fileRef = 7C7D25CD1E58C7EC00D7EAF2 /* MyFeedbackVC.swift */; };
		7C7D25D01E58C87400D7EAF2 /* ContactInstructorVC.swift in Sources */ = {isa = PBXBuildFile; fileRef = 7C7D25CF1E58C87400D7EAF2 /* ContactInstructorVC.swift */; };
		7C7D25D21E58C8AC00D7EAF2 /* StartACourseVC.swift in Sources */ = {isa = PBXBuildFile; fileRef = 7C7D25D11E58C8AC00D7EAF2 /* StartACourseVC.swift */; };
		7C7D25D41E58C8DD00D7EAF2 /* GiveFeedbackVC.swift in Sources */ = {isa = PBXBuildFile; fileRef = 7C7D25D31E58C8DD00D7EAF2 /* GiveFeedbackVC.swift */; };
		7C7D25D61E58C93200D7EAF2 /* AssignmentsVC.swift in Sources */ = {isa = PBXBuildFile; fileRef = 7C7D25D51E58C93200D7EAF2 /* AssignmentsVC.swift */; };
		7C7D25DA1E58C9AD00D7EAF2 /* BonusContentVC.swift in Sources */ = {isa = PBXBuildFile; fileRef = 7C7D25D91E58C9AD00D7EAF2 /* BonusContentVC.swift */; };
		95A6B4081EA5547600E3F021 /* GoogleService-Info.plist in Resources */ = {isa = PBXBuildFile; fileRef = 95A6B4071EA5547600E3F021 /* GoogleService-Info.plist */; };
		EAC3BF3C1E9C193F0075531E /* VideoVC.swift in Sources */ = {isa = PBXBuildFile; fileRef = EAC3BF3B1E9C193F0075531E /* VideoVC.swift */; };
/* End PBXBuildFile section */

/* Begin PBXFileReference section */
		632FBE49E9133B5307C5AD70 /* Pods_Commanding_A_Room.framework */ = {isa = PBXFileReference; explicitFileType = wrapper.framework; includeInIndex = 0; path = Pods_Commanding_A_Room.framework; sourceTree = BUILT_PRODUCTS_DIR; };
		7C022EA51E35B160003F507C /* Commanding A Room.app */ = {isa = PBXFileReference; explicitFileType = wrapper.application; includeInIndex = 0; path = "Commanding A Room.app"; sourceTree = BUILT_PRODUCTS_DIR; };
		7C022EA81E35B160003F507C /* AppDelegate.swift */ = {isa = PBXFileReference; lastKnownFileType = sourcecode.swift; path = AppDelegate.swift; sourceTree = "<group>"; };
		7C022EAA1E35B160003F507C /* LandingVC.swift */ = {isa = PBXFileReference; lastKnownFileType = sourcecode.swift; path = LandingVC.swift; sourceTree = "<group>"; };
		7C022EAD1E35B160003F507C /* Base */ = {isa = PBXFileReference; lastKnownFileType = file.storyboard; name = Base; path = Base.lproj/Main.storyboard; sourceTree = "<group>"; };
		7C022EAF1E35B160003F507C /* Assets.xcassets */ = {isa = PBXFileReference; lastKnownFileType = folder.assetcatalog; path = Assets.xcassets; sourceTree = "<group>"; };
		7C022EB21E35B160003F507C /* Base */ = {isa = PBXFileReference; lastKnownFileType = file.storyboard; name = Base; path = Base.lproj/LaunchScreen.storyboard; sourceTree = "<group>"; };
		7C022EB41E35B160003F507C /* Info.plist */ = {isa = PBXFileReference; lastKnownFileType = text.plist.xml; path = Info.plist; sourceTree = "<group>"; };
		7C16C0671E3EB5DE00558908 /* RegistrationVC.swift */ = {isa = PBXFileReference; fileEncoding = 4; lastKnownFileType = sourcecode.swift; path = RegistrationVC.swift; sourceTree = "<group>"; };
		7C16C0691E3EB62E00558908 /* HomeVC.swift */ = {isa = PBXFileReference; fileEncoding = 4; lastKnownFileType = sourcecode.swift; path = HomeVC.swift; sourceTree = "<group>"; };
		7C7D25C91E58C49C00D7EAF2 /* LessonsVC.swift */ = {isa = PBXFileReference; fileEncoding = 4; lastKnownFileType = sourcecode.swift; path = LessonsVC.swift; sourceTree = "<group>"; };
		7C7D25CD1E58C7EC00D7EAF2 /* MyFeedbackVC.swift */ = {isa = PBXFileReference; fileEncoding = 4; lastKnownFileType = sourcecode.swift; path = MyFeedbackVC.swift; sourceTree = "<group>"; };
		7C7D25CF1E58C87400D7EAF2 /* ContactInstructorVC.swift */ = {isa = PBXFileReference; fileEncoding = 4; lastKnownFileType = sourcecode.swift; path = ContactInstructorVC.swift; sourceTree = "<group>"; };
		7C7D25D11E58C8AC00D7EAF2 /* StartACourseVC.swift */ = {isa = PBXFileReference; fileEncoding = 4; lastKnownFileType = sourcecode.swift; path = StartACourseVC.swift; sourceTree = "<group>"; };
		7C7D25D31E58C8DD00D7EAF2 /* GiveFeedbackVC.swift */ = {isa = PBXFileReference; fileEncoding = 4; lastKnownFileType = sourcecode.swift; path = GiveFeedbackVC.swift; sourceTree = "<group>"; };
		7C7D25D51E58C93200D7EAF2 /* AssignmentsVC.swift */ = {isa = PBXFileReference; fileEncoding = 4; lastKnownFileType = sourcecode.swift; path = AssignmentsVC.swift; sourceTree = "<group>"; };
		7C7D25D91E58C9AD00D7EAF2 /* BonusContentVC.swift */ = {isa = PBXFileReference; fileEncoding = 4; lastKnownFileType = sourcecode.swift; path = BonusContentVC.swift; sourceTree = "<group>"; };
		81EABC56112187D9CD7C18BD /* Pods-Commanding A Room.release.xcconfig */ = {isa = PBXFileReference; includeInIndex = 1; lastKnownFileType = text.xcconfig; name = "Pods-Commanding A Room.release.xcconfig"; path = "Pods/Target Support Files/Pods-Commanding A Room/Pods-Commanding A Room.release.xcconfig"; sourceTree = "<group>"; };
		95A6B4071EA5547600E3F021 /* GoogleService-Info.plist */ = {isa = PBXFileReference; fileEncoding = 4; lastKnownFileType = text.plist.xml; path = "GoogleService-Info.plist"; sourceTree = "<group>"; };
		C7910108FC96657085B0F7AE /* Pods-Commanding A Room.debug.xcconfig */ = {isa = PBXFileReference; includeInIndex = 1; lastKnownFileType = text.xcconfig; name = "Pods-Commanding A Room.debug.xcconfig"; path = "Pods/Target Support Files/Pods-Commanding A Room/Pods-Commanding A Room.debug.xcconfig"; sourceTree = "<group>"; };
		EAC3BF3B1E9C193F0075531E /* VideoVC.swift */ = {isa = PBXFileReference; fileEncoding = 4; lastKnownFileType = sourcecode.swift; path = VideoVC.swift; sourceTree = "<group>"; };
/* End PBXFileReference section */

/* Begin PBXFrameworksBuildPhase section */
		7C022EA21E35B160003F507C /* Frameworks */ = {
			isa = PBXFrameworksBuildPhase;
			buildActionMask = 2147483647;
			files = (
				3F39AB0A545AF66D4D259DD2 /* Pods_Commanding_A_Room.framework in Frameworks */,
			);
			runOnlyForDeploymentPostprocessing = 0;
		};
/* End PBXFrameworksBuildPhase section */

/* Begin PBXGroup section */
		7C022E9C1E35B160003F507C = {
			isa = PBXGroup;
			children = (
				95A6B4071EA5547600E3F021 /* GoogleService-Info.plist */,
				7C022EA71E35B160003F507C /* Commanding A Room */,
				7C022EA61E35B160003F507C /* Products */,
				94C217D556A4E2C41CF2D66D /* Pods */,
				BDF70119B98D7CA7BE2A29C7 /* Frameworks */,
			);
			sourceTree = "<group>";
		};
		7C022EA61E35B160003F507C /* Products */ = {
			isa = PBXGroup;
			children = (
				7C022EA51E35B160003F507C /* Commanding A Room.app */,
			);
			name = Products;
			sourceTree = "<group>";
		};
		7C022EA71E35B160003F507C /* Commanding A Room */ = {
			isa = PBXGroup;
			children = (
				EAC3BF3A1E9C18090075531E /* View */,
				EAC3BF391E9C17FC0075531E /* Model */,
				7C022EA81E35B160003F507C /* AppDelegate.swift */,
				7C022EAF1E35B160003F507C /* Assets.xcassets */,
				7C022EB41E35B160003F507C /* Info.plist */,
				7C022EAC1E35B160003F507C /* Main.storyboard */,
				7C16C0671E3EB5DE00558908 /* RegistrationVC.swift */,
				7C022EAA1E35B160003F507C /* LandingVC.swift */,
				7C16C0691E3EB62E00558908 /* HomeVC.swift */,
				7C7D25D31E58C8DD00D7EAF2 /* GiveFeedbackVC.swift */,
				7C7D25C91E58C49C00D7EAF2 /* LessonsVC.swift */,
				7C7D25D51E58C93200D7EAF2 /* AssignmentsVC.swift */,
				7C7D25D91E58C9AD00D7EAF2 /* BonusContentVC.swift */,
				7C7D25CD1E58C7EC00D7EAF2 /* MyFeedbackVC.swift */,
				7C7D25CF1E58C87400D7EAF2 /* ContactInstructorVC.swift */,
				7C7D25D11E58C8AC00D7EAF2 /* StartACourseVC.swift */,
				7C022EB11E35B160003F507C /* LaunchScreen.storyboard */,
				EAC3BF3B1E9C193F0075531E /* VideoVC.swift */,
			);
			path = "Commanding A Room";
			sourceTree = "<group>";
		};
		94C217D556A4E2C41CF2D66D /* Pods */ = {
			isa = PBXGroup;
			children = (
				C7910108FC96657085B0F7AE /* Pods-Commanding A Room.debug.xcconfig */,
				81EABC56112187D9CD7C18BD /* Pods-Commanding A Room.release.xcconfig */,
			);
			name = Pods;
			sourceTree = "<group>";
		};
		BDF70119B98D7CA7BE2A29C7 /* Frameworks */ = {
			isa = PBXGroup;
			children = (
				632FBE49E9133B5307C5AD70 /* Pods_Commanding_A_Room.framework */,
			);
			name = Frameworks;
			sourceTree = "<group>";
		};
		EAC3BF391E9C17FC0075531E /* Model */ = {
			isa = PBXGroup;
			children = (
			);
			name = Model;
			sourceTree = "<group>";
		};
		EAC3BF3A1E9C18090075531E /* View */ = {
			isa = PBXGroup;
			children = (
			);
			name = View;
			sourceTree = "<group>";
		};
/* End PBXGroup section */

/* Begin PBXNativeTarget section */
		7C022EA41E35B160003F507C /* Commanding A Room */ = {
			isa = PBXNativeTarget;
			buildConfigurationList = 7C022EB71E35B160003F507C /* Build configuration list for PBXNativeTarget "Commanding A Room" */;
			buildPhases = (
				A1AA68B11D5EDEB9024DFE1E /* [CP] Check Pods Manifest.lock */,
				7C022EA11E35B160003F507C /* Sources */,
				7C022EA21E35B160003F507C /* Frameworks */,
				7C022EA31E35B160003F507C /* Resources */,
				56413713C03339B545035ED6 /* [CP] Embed Pods Frameworks */,
				7AA718B7C1381A7D20D77F2F /* [CP] Copy Pods Resources */,
			);
			buildRules = (
			);
			dependencies = (
			);
			name = "Commanding A Room";
			productName = "Commanding A Room";
			productReference = 7C022EA51E35B160003F507C /* Commanding A Room.app */;
			productType = "com.apple.product-type.application";
		};
/* End PBXNativeTarget section */

/* Begin PBXProject section */
		7C022E9D1E35B160003F507C /* Project object */ = {
			isa = PBXProject;
			attributes = {
				LastSwiftUpdateCheck = 0820;
				LastUpgradeCheck = 0820;
				ORGANIZATIONNAME = JCAPPS;
				TargetAttributes = {
					7C022EA41E35B160003F507C = {
						CreatedOnToolsVersion = 8.2.1;
						DevelopmentTeam = 85792MJYWR;
						ProvisioningStyle = Automatic;
					};
				};
			};
			buildConfigurationList = 7C022EA01E35B160003F507C /* Build configuration list for PBXProject "CommandingARoom" */;
			compatibilityVersion = "Xcode 3.2";
			developmentRegion = English;
			hasScannedForEncodings = 0;
			knownRegions = (
				en,
				Base,
			);
			mainGroup = 7C022E9C1E35B160003F507C;
			productRefGroup = 7C022EA61E35B160003F507C /* Products */;
			projectDirPath = "";
			projectRoot = "";
			targets = (
				7C022EA41E35B160003F507C /* Commanding A Room */,
			);
		};
/* End PBXProject section */

/* Begin PBXResourcesBuildPhase section */
		7C022EA31E35B160003F507C /* Resources */ = {
			isa = PBXResourcesBuildPhase;
			buildActionMask = 2147483647;
			files = (
				7C022EB31E35B160003F507C /* LaunchScreen.storyboard in Resources */,
				95A6B4081EA5547600E3F021 /* GoogleService-Info.plist in Resources */,
				7C022EB01E35B160003F507C /* Assets.xcassets in Resources */,
				7C022EAE1E35B160003F507C /* Main.storyboard in Resources */,
			);
			runOnlyForDeploymentPostprocessing = 0;
		};
/* End PBXResourcesBuildPhase section */

/* Begin PBXShellScriptBuildPhase section */
		56413713C03339B545035ED6 /* [CP] Embed Pods Frameworks */ = {
			isa = PBXShellScriptBuildPhase;
			buildActionMask = 2147483647;
			files = (
			);
			inputPaths = (
			);
			name = "[CP] Embed Pods Frameworks";
			outputPaths = (
			);
			runOnlyForDeploymentPostprocessing = 0;
			shellPath = /bin/sh;
			shellScript = "\"${SRCROOT}/Pods/Target Support Files/Pods-Commanding A Room/Pods-Commanding A Room-frameworks.sh\"\n";
			showEnvVarsInLog = 0;
		};
		7AA718B7C1381A7D20D77F2F /* [CP] Copy Pods Resources */ = {
			isa = PBXShellScriptBuildPhase;
			buildActionMask = 2147483647;
			files = (
			);
			inputPaths = (
			);
			name = "[CP] Copy Pods Resources";
			outputPaths = (
			);
			runOnlyForDeploymentPostprocessing = 0;
			shellPath = /bin/sh;
			shellScript = "\"${SRCROOT}/Pods/Target Support Files/Pods-Commanding A Room/Pods-Commanding A Room-resources.sh\"\n";
			showEnvVarsInLog = 0;
		};
		A1AA68B11D5EDEB9024DFE1E /* [CP] Check Pods Manifest.lock */ = {
			isa = PBXShellScriptBuildPhase;
			buildActionMask = 2147483647;
			files = (
			);
			inputPaths = (
			);
			name = "[CP] Check Pods Manifest.lock";
			outputPaths = (
			);
			runOnlyForDeploymentPostprocessing = 0;
			shellPath = /bin/sh;
			shellScript = "diff \"${PODS_PODFILE_DIR_PATH}/Podfile.lock\" \"${PODS_ROOT}/Manifest.lock\" > /dev/null\nif [ $? != 0 ] ; then\n    # print error to STDERR\n    echo \"error: The sandbox is not in sync with the Podfile.lock. Run 'pod install' or update your CocoaPods installation.\" >&2\n    exit 1\nfi\n";
			showEnvVarsInLog = 0;
		};
/* End PBXShellScriptBuildPhase section */

/* Begin PBXSourcesBuildPhase section */
		7C022EA11E35B160003F507C /* Sources */ = {
			isa = PBXSourcesBuildPhase;
			buildActionMask = 2147483647;
			files = (
				7C7D25D41E58C8DD00D7EAF2 /* GiveFeedbackVC.swift in Sources */,
				7C022EAB1E35B160003F507C /* LandingVC.swift in Sources */,
				7C7D25CE1E58C7EC00D7EAF2 /* MyFeedbackVC.swift in Sources */,
				7C022EA91E35B160003F507C /* AppDelegate.swift in Sources */,
				7C7D25CA1E58C49C00D7EAF2 /* LessonsVC.swift in Sources */,
				7C7D25DA1E58C9AD00D7EAF2 /* BonusContentVC.swift in Sources */,
				7C7D25D61E58C93200D7EAF2 /* AssignmentsVC.swift in Sources */,
				7C7D25D21E58C8AC00D7EAF2 /* StartACourseVC.swift in Sources */,
				7C16C0681E3EB5DE00558908 /* RegistrationVC.swift in Sources */,
				7C7D25D01E58C87400D7EAF2 /* ContactInstructorVC.swift in Sources */,
				7C16C06A1E3EB62E00558908 /* HomeVC.swift in Sources */,
			);
			runOnlyForDeploymentPostprocessing = 0;
		};
/* End PBXSourcesBuildPhase section */

/* Begin PBXVariantGroup section */
		7C022EAC1E35B160003F507C /* Main.storyboard */ = {
			isa = PBXVariantGroup;
			children = (
				7C022EAD1E35B160003F507C /* Base */,
			);
			name = Main.storyboard;
			sourceTree = "<group>";
		};
		7C022EB11E35B160003F507C /* LaunchScreen.storyboard */ = {
			isa = PBXVariantGroup;
			children = (
				7C022EB21E35B160003F507C /* Base */,
			);
			name = LaunchScreen.storyboard;
			sourceTree = "<group>";
		};
/* End PBXVariantGroup section */

/* Begin XCBuildConfiguration section */
		7C022EB51E35B160003F507C /* Debug */ = {
			isa = XCBuildConfiguration;
			buildSettings = {
				ALWAYS_SEARCH_USER_PATHS = NO;
				CLANG_ANALYZER_NONNULL = YES;
				CLANG_CXX_LANGUAGE_STANDARD = "gnu++0x";
				CLANG_CXX_LIBRARY = "libc++";
				CLANG_ENABLE_MODULES = YES;
				CLANG_ENABLE_OBJC_ARC = YES;
				CLANG_WARN_BOOL_CONVERSION = YES;
				CLANG_WARN_CONSTANT_CONVERSION = YES;
				CLANG_WARN_DIRECT_OBJC_ISA_USAGE = YES_ERROR;
				CLANG_WARN_DOCUMENTATION_COMMENTS = YES;
				CLANG_WARN_EMPTY_BODY = YES;
				CLANG_WARN_ENUM_CONVERSION = YES;
				CLANG_WARN_INFINITE_RECURSION = YES;
				CLANG_WARN_INT_CONVERSION = YES;
				CLANG_WARN_OBJC_ROOT_CLASS = YES_ERROR;
				CLANG_WARN_SUSPICIOUS_MOVE = YES;
				CLANG_WARN_UNREACHABLE_CODE = YES;
				CLANG_WARN__DUPLICATE_METHOD_MATCH = YES;
				"CODE_SIGN_IDENTITY[sdk=iphoneos*]" = "iPhone Developer";
				COPY_PHASE_STRIP = NO;
				DEBUG_INFORMATION_FORMAT = dwarf;
				ENABLE_STRICT_OBJC_MSGSEND = YES;
				ENABLE_TESTABILITY = YES;
				GCC_C_LANGUAGE_STANDARD = gnu99;
				GCC_DYNAMIC_NO_PIC = NO;
				GCC_NO_COMMON_BLOCKS = YES;
				GCC_OPTIMIZATION_LEVEL = 0;
				GCC_PREPROCESSOR_DEFINITIONS = (
					"DEBUG=1",
					"$(inherited)",
				);
				GCC_WARN_64_TO_32_BIT_CONVERSION = YES;
				GCC_WARN_ABOUT_RETURN_TYPE = YES_ERROR;
				GCC_WARN_UNDECLARED_SELECTOR = YES;
				GCC_WARN_UNINITIALIZED_AUTOS = YES_AGGRESSIVE;
				GCC_WARN_UNUSED_FUNCTION = YES;
				GCC_WARN_UNUSED_VARIABLE = YES;
				IPHONEOS_DEPLOYMENT_TARGET = 10.2;
				MTL_ENABLE_DEBUG_INFO = YES;
				ONLY_ACTIVE_ARCH = YES;
				SDKROOT = iphoneos;
				SWIFT_ACTIVE_COMPILATION_CONDITIONS = DEBUG;
				SWIFT_OPTIMIZATION_LEVEL = "-Onone";
				TARGETED_DEVICE_FAMILY = "1,2";
			};
			name = Debug;
		};
		7C022EB61E35B160003F507C /* Release */ = {
			isa = XCBuildConfiguration;
			buildSettings = {
				ALWAYS_SEARCH_USER_PATHS = NO;
				CLANG_ANALYZER_NONNULL = YES;
				CLANG_CXX_LANGUAGE_STANDARD = "gnu++0x";
				CLANG_CXX_LIBRARY = "libc++";
				CLANG_ENABLE_MODULES = YES;
				CLANG_ENABLE_OBJC_ARC = YES;
				CLANG_WARN_BOOL_CONVERSION = YES;
				CLANG_WARN_CONSTANT_CONVERSION = YES;
				CLANG_WARN_DIRECT_OBJC_ISA_USAGE = YES_ERROR;
				CLANG_WARN_DOCUMENTATION_COMMENTS = YES;
				CLANG_WARN_EMPTY_BODY = YES;
				CLANG_WARN_ENUM_CONVERSION = YES;
				CLANG_WARN_INFINITE_RECURSION = YES;
				CLANG_WARN_INT_CONVERSION = YES;
				CLANG_WARN_OBJC_ROOT_CLASS = YES_ERROR;
				CLANG_WARN_SUSPICIOUS_MOVE = YES;
				CLANG_WARN_UNREACHABLE_CODE = YES;
				CLANG_WARN__DUPLICATE_METHOD_MATCH = YES;
				"CODE_SIGN_IDENTITY[sdk=iphoneos*]" = "iPhone Developer";
				COPY_PHASE_STRIP = NO;
				DEBUG_INFORMATION_FORMAT = "dwarf-with-dsym";
				ENABLE_NS_ASSERTIONS = NO;
				ENABLE_STRICT_OBJC_MSGSEND = YES;
				GCC_C_LANGUAGE_STANDARD = gnu99;
				GCC_NO_COMMON_BLOCKS = YES;
				GCC_WARN_64_TO_32_BIT_CONVERSION = YES;
				GCC_WARN_ABOUT_RETURN_TYPE = YES_ERROR;
				GCC_WARN_UNDECLARED_SELECTOR = YES;
				GCC_WARN_UNINITIALIZED_AUTOS = YES_AGGRESSIVE;
				GCC_WARN_UNUSED_FUNCTION = YES;
				GCC_WARN_UNUSED_VARIABLE = YES;
				IPHONEOS_DEPLOYMENT_TARGET = 10.2;
				MTL_ENABLE_DEBUG_INFO = NO;
				SDKROOT = iphoneos;
				SWIFT_OPTIMIZATION_LEVEL = "-Owholemodule";
				TARGETED_DEVICE_FAMILY = "1,2";
				VALIDATE_PRODUCT = YES;
			};
			name = Release;
		};
		7C022EB81E35B160003F507C /* Debug */ = {
			isa = XCBuildConfiguration;
			baseConfigurationReference = C7910108FC96657085B0F7AE /* Pods-Commanding A Room.debug.xcconfig */;
			buildSettings = {
				ASSETCATALOG_COMPILER_APPICON_NAME = AppIcon;
				DEVELOPMENT_TEAM = 85792MJYWR;
				INFOPLIST_FILE = "Commanding A Room/Info.plist";
				LD_RUNPATH_SEARCH_PATHS = "$(inherited) @executable_path/Frameworks";
				PRODUCT_BUNDLE_IDENTIFIER = "com.JCAPPS.Commanding-A-Room";
				PRODUCT_NAME = "$(TARGET_NAME)";
				SWIFT_VERSION = 3.0;
			};
			name = Debug;
		};
		7C022EB91E35B160003F507C /* Release */ = {
			isa = XCBuildConfiguration;
			baseConfigurationReference = 81EABC56112187D9CD7C18BD /* Pods-Commanding A Room.release.xcconfig */;
			buildSettings = {
				ASSETCATALOG_COMPILER_APPICON_NAME = AppIcon;
				DEVELOPMENT_TEAM = 85792MJYWR;
				INFOPLIST_FILE = "Commanding A Room/Info.plist";
				LD_RUNPATH_SEARCH_PATHS = "$(inherited) @executable_path/Frameworks";
				PRODUCT_BUNDLE_IDENTIFIER = "com.JCAPPS.Commanding-A-Room";
				PRODUCT_NAME = "$(TARGET_NAME)";
				SWIFT_VERSION = 3.0;
			};
			name = Release;
		};
/* End XCBuildConfiguration section */

/* Begin XCConfigurationList section */
		7C022EA01E35B160003F507C /* Build configuration list for PBXProject "CommandingARoom" */ = {
			isa = XCConfigurationList;
			buildConfigurations = (
				7C022EB51E35B160003F507C /* Debug */,
				7C022EB61E35B160003F507C /* Release */,
			);
			defaultConfigurationIsVisible = 0;
			defaultConfigurationName = Release;
		};
		7C022EB71E35B160003F507C /* Build configuration list for PBXNativeTarget "Commanding A Room" */ = {
			isa = XCConfigurationList;
			buildConfigurations = (
				7C022EB81E35B160003F507C /* Debug */,
				7C022EB91E35B160003F507C /* Release */,
			);
			defaultConfigurationIsVisible = 0;
			defaultConfigurationName = Release;
		};
/* End XCConfigurationList section */
	};
	rootObject = 7C022E9D1E35B160003F507C /* Project object */;
}
